
Microsoft Visual Studio Solution File, Format Version 12.00
# Visual Studio 14
VisualStudioVersion = 14.0.23107.0
MinimumVisualStudioVersion = 10.0.40219.1
Project("{FAE04EC0-301F-11D3-BF4B-00C04F79EFBC}") = "XSmartNote", "XSmartNote\XSmartNote.csproj", "{1BF00E58-190D-4001-AB17-01CC0E9CD5AF}"
EndProject
Project("{FAE04EC0-301F-11D3-BF4B-00C04F79EFBC}") = "XSmartNote.Model", "XSmartNote.Model\XSmartNote.Model.csproj", "{BEDC9B7E-EA0D-42A7-BC41-513A1B222C30}"
EndProject
Project("{FAE04EC0-301F-11D3-BF4B-00C04F79EFBC}") = "XSmartNote.DAL", "XSmartNote.DAL\XSmartNote.DAL.csproj", "{AD769BED-116C-4B01-9960-1FEF2945D602}"
EndProject
Global
	GlobalSection(SolutionConfigurationPlatforms) = preSolution
		Debug|Any CPU = Debug|Any CPU
		Release|Any CPU = Release|Any CPU
	EndGlobalSection
	GlobalSection(ProjectConfigurationPlatforms) = postSolution
		{1BF00E58-190D-4001-AB17-01CC0E9CD5AF}.Debug|Any CPU.ActiveCfg = Debug|Any CPU
		{1BF00E58-190D-4001-AB17-01CC0E9CD5AF}.Debug|Any CPU.Build.0 = Debug|Any CPU
		{1BF00E58-190D-4001-AB17-01CC0E9CD5AF}.Release|Any CPU.ActiveCfg = Release|Any CPU
		{1BF00E58-190D-4001-AB17-01CC0E9CD5AF}.Release|Any CPU.Build.0 = Release|Any CPU
		{BEDC9B7E-EA0D-42A7-BC41-513A1B222C30}.Debug|Any CPU.ActiveCfg = Debug|Any CPU
		{BEDC9B7E-EA0D-42A7-BC41-513A1B222C30}.Debug|Any CPU.Build.0 = Debug|Any CPU
		{BEDC9B7E-EA0D-42A7-BC41-513A1B222C30}.Release|Any CPU.ActiveCfg = Release|Any CPU
		{BEDC9B7E-EA0D-42A7-BC41-513A1B222C30}.Release|Any CPU.Build.0 = Release|Any CPU
		{AD769BED-116C-4B01-9960-1FEF2945D602}.Debug|Any CPU.ActiveCfg = Debug|Any CPU
		{AD769BED-116C-4B01-9960-1FEF2945D602}.Debug|Any CPU.Build.0 = Debug|Any CPU
		{AD769BED-116C-4B01-9960-1FEF2945D602}.Release|Any CPU.ActiveCfg = Release|Any CPU
		{AD769BED-116C-4B01-9960-1FEF2945D602}.Release|Any CPU.Build.0 = Release|Any CPU
	EndGlobalSection
	GlobalSection(SolutionProperties) = preSolution
		HideSolutionNode = FALSE
	EndGlobalSection
EndGlobal
